
Microsoft Visual Studio Solution File, Format Version 12.00
# Visual Studio Version 17
VisualStudioVersion = 17.11.35222.181
MinimumVisualStudioVersion = 10.0.40219.1
Project("{9A19103F-16F7-4668-BE54-9A1E7A4F7556}") = "BlazorUI", "BlazorUI\BlazorUI.csproj", "{F453FD97-6789-4D6B-A2C6-775C18340EC0}"
EndProject
Project("{9A19103F-16F7-4668-BE54-9A1E7A4F7556}") = "DemoLibrary", "DemoLibrary\DemoLibrary.csproj", "{2175FC8C-D18F-4A46-9A10-FEE26636B895}"
EndProject
Project("{FAE04EC0-301F-11D3-BF4B-00C04F79EFBC}") = "DempApi", "DempApi\DempApi.csproj", "{56FFEA97-6844-4993-81A1-24E51BCBD828}"
EndProject
Global
	GlobalSection(SolutionConfigurationPlatforms) = preSolution
		Debug|Any CPU = Debug|Any CPU
		Release|Any CPU = Release|Any CPU
	EndGlobalSection
	GlobalSection(ProjectConfigurationPlatforms) = postSolution
		{F453FD97-6789-4D6B-A2C6-775C18340EC0}.Debug|Any CPU.ActiveCfg = Debug|Any CPU
		{F453FD97-6789-4D6B-A2C6-775C18340EC0}.Debug|Any CPU.Build.0 = Debug|Any CPU
		{F453FD97-6789-4D6B-A2C6-775C18340EC0}.Release|Any CPU.ActiveCfg = Release|Any CPU
		{F453FD97-6789-4D6B-A2C6-775C18340EC0}.Release|Any CPU.Build.0 = Release|Any CPU
		{2175FC8C-D18F-4A46-9A10-FEE26636B895}.Debug|Any CPU.ActiveCfg = Debug|Any CPU
		{2175FC8C-D18F-4A46-9A10-FEE26636B895}.Debug|Any CPU.Build.0 = Debug|Any CPU
		{2175FC8C-D18F-4A46-9A10-FEE26636B895}.Release|Any CPU.ActiveCfg = Release|Any CPU
		{2175FC8C-D18F-4A46-9A10-FEE26636B895}.Release|Any CPU.Build.0 = Release|Any CPU
		{56FFEA97-6844-4993-81A1-24E51BCBD828}.Debug|Any CPU.ActiveCfg = Debug|Any CPU
		{56FFEA97-6844-4993-81A1-24E51BCBD828}.Debug|Any CPU.Build.0 = Debug|Any CPU
		{56FFEA97-6844-4993-81A1-24E51BCBD828}.Release|Any CPU.ActiveCfg = Release|Any CPU
		{56FFEA97-6844-4993-81A1-24E51BCBD828}.Release|Any CPU.Build.0 = Release|Any CPU
	EndGlobalSection
	GlobalSection(SolutionProperties) = preSolution
		HideSolutionNode = FALSE
	EndGlobalSection
	GlobalSection(ExtensibilityGlobals) = postSolution
		SolutionGuid = {A6E6ABDB-5E05-4690-8A49-25BD3D4239A3}
	EndGlobalSection
EndGlobal
